// !$*UTF8*$!
{
	archiveVersion = 1;
	classes = {
	};
	objectVersion = 46;
	objects = {

/* Begin PBXBuildFile section */
		CBBDF48F1E46476A0093F778 /* AppDelegate.swift in Sources */ = {isa = PBXBuildFile; fileRef = CBBDF48E1E46476A0093F778 /* AppDelegate.swift */; };
		CBBDF4911E46476A0093F778 /* TravelLocationMapViewController.swift in Sources */ = {isa = PBXBuildFile; fileRef = CBBDF4901E46476A0093F778 /* TravelLocationMapViewController.swift */; };
		CBBDF4941E46476A0093F778 /* Main.storyboard in Resources */ = {isa = PBXBuildFile; fileRef = CBBDF4921E46476A0093F778 /* Main.storyboard */; };
		CBBDF4961E46476A0093F778 /* Assets.xcassets in Resources */ = {isa = PBXBuildFile; fileRef = CBBDF4951E46476A0093F778 /* Assets.xcassets */; };
		CBBDF4991E46476A0093F778 /* LaunchScreen.storyboard in Resources */ = {isa = PBXBuildFile; fileRef = CBBDF4971E46476A0093F778 /* LaunchScreen.storyboard */; };
		CBBDF4A41E46476A0093F778 /* Virtual_TouristTests.swift in Sources */ = {isa = PBXBuildFile; fileRef = CBBDF4A31E46476A0093F778 /* Virtual_TouristTests.swift */; };
		CBBDF4AF1E46476A0093F778 /* Virtual_TouristUITests.swift in Sources */ = {isa = PBXBuildFile; fileRef = CBBDF4AE1E46476A0093F778 /* Virtual_TouristUITests.swift */; };
		CBBDF4C21E4648300093F778 /* CoreDataStack.swift in Sources */ = {isa = PBXBuildFile; fileRef = CBBDF4C11E4648300093F778 /* CoreDataStack.swift */; };
		CBBDF4C51E46489C0093F778 /* virtualTouristModel.xcdatamodeld in Sources */ = {isa = PBXBuildFile; fileRef = CBBDF4C31E46489C0093F778 /* virtualTouristModel.xcdatamodeld */; };
		CBBDF4C71E464B3C0093F778 /* PhotoAlbumViewController.swift in Sources */ = {isa = PBXBuildFile; fileRef = CBBDF4C61E464B3C0093F778 /* PhotoAlbumViewController.swift */; };
/* End PBXBuildFile section */

/* Begin PBXContainerItemProxy section */
		CBBDF4A01E46476A0093F778 /* PBXContainerItemProxy */ = {
			isa = PBXContainerItemProxy;
			containerPortal = CBBDF4831E46476A0093F778 /* Project object */;
			proxyType = 1;
			remoteGlobalIDString = CBBDF48A1E46476A0093F778;
			remoteInfo = "Virtual Tourist";
		};
		CBBDF4AB1E46476A0093F778 /* PBXContainerItemProxy */ = {
			isa = PBXContainerItemProxy;
			containerPortal = CBBDF4831E46476A0093F778 /* Project object */;
			proxyType = 1;
			remoteGlobalIDString = CBBDF48A1E46476A0093F778;
			remoteInfo = "Virtual Tourist";
		};
/* End PBXContainerItemProxy section */

/* Begin PBXFileReference section */
		CBBDF48B1E46476A0093F778 /* Virtual Tourist.app */ = {isa = PBXFileReference; explicitFileType = wrapper.application; includeInIndex = 0; path = "Virtual Tourist.app"; sourceTree = BUILT_PRODUCTS_DIR; };
		CBBDF48E1E46476A0093F778 /* AppDelegate.swift */ = {isa = PBXFileReference; lastKnownFileType = sourcecode.swift; path = AppDelegate.swift; sourceTree = "<group>"; };
		CBBDF4901E46476A0093F778 /* TravelLocationMapViewController.swift */ = {isa = PBXFileReference; lastKnownFileType = sourcecode.swift; path = TravelLocationMapViewController.swift; sourceTree = "<group>"; };
		CBBDF4931E46476A0093F778 /* Base */ = {isa = PBXFileReference; lastKnownFileType = file.storyboard; name = Base; path = Base.lproj/Main.storyboard; sourceTree = "<group>"; };
		CBBDF4951E46476A0093F778 /* Assets.xcassets */ = {isa = PBXFileReference; lastKnownFileType = folder.assetcatalog; path = Assets.xcassets; sourceTree = "<group>"; };
		CBBDF4981E46476A0093F778 /* Base */ = {isa = PBXFileReference; lastKnownFileType = file.storyboard; name = Base; path = Base.lproj/LaunchScreen.storyboard; sourceTree = "<group>"; };
		CBBDF49A1E46476A0093F778 /* Info.plist */ = {isa = PBXFileReference; lastKnownFileType = text.plist.xml; path = Info.plist; sourceTree = "<group>"; };
		CBBDF49F1E46476A0093F778 /* Virtual TouristTests.xctest */ = {isa = PBXFileReference; explicitFileType = wrapper.cfbundle; includeInIndex = 0; path = "Virtual TouristTests.xctest"; sourceTree = BUILT_PRODUCTS_DIR; };
		CBBDF4A31E46476A0093F778 /* Virtual_TouristTests.swift */ = {isa = PBXFileReference; lastKnownFileType = sourcecode.swift; path = Virtual_TouristTests.swift; sourceTree = "<group>"; };
		CBBDF4A51E46476A0093F778 /* Info.plist */ = {isa = PBXFileReference; lastKnownFileType = text.plist.xml; path = Info.plist; sourceTree = "<group>"; };
		CBBDF4AA1E46476A0093F778 /* Virtual TouristUITests.xctest */ = {isa = PBXFileReference; explicitFileType = wrapper.cfbundle; includeInIndex = 0; path = "Virtual TouristUITests.xctest"; sourceTree = BUILT_PRODUCTS_DIR; };
		CBBDF4AE1E46476A0093F778 /* Virtual_TouristUITests.swift */ = {isa = PBXFileReference; lastKnownFileType = sourcecode.swift; path = Virtual_TouristUITests.swift; sourceTree = "<group>"; };
		CBBDF4B01E46476A0093F778 /* Info.plist */ = {isa = PBXFileReference; lastKnownFileType = text.plist.xml; path = Info.plist; sourceTree = "<group>"; };
		CBBDF4C11E4648300093F778 /* CoreDataStack.swift */ = {isa = PBXFileReference; fileEncoding = 4; lastKnownFileType = sourcecode.swift; path = CoreDataStack.swift; sourceTree = "<group>"; };
		CBBDF4C41E46489C0093F778 /* virtualTouristModel.xcdatamodel */ = {isa = PBXFileReference; lastKnownFileType = wrapper.xcdatamodel; path = virtualTouristModel.xcdatamodel; sourceTree = "<group>"; };
		CBBDF4C61E464B3C0093F778 /* PhotoAlbumViewController.swift */ = {isa = PBXFileReference; fileEncoding = 4; lastKnownFileType = sourcecode.swift; path = PhotoAlbumViewController.swift; sourceTree = "<group>"; };
/* End PBXFileReference section */

/* Begin PBXFrameworksBuildPhase section */
		CBBDF4881E46476A0093F778 /* Frameworks */ = {
			isa = PBXFrameworksBuildPhase;
			buildActionMask = 2147483647;
			files = (
			);
			runOnlyForDeploymentPostprocessing = 0;
		};
		CBBDF49C1E46476A0093F778 /* Frameworks */ = {
			isa = PBXFrameworksBuildPhase;
			buildActionMask = 2147483647;
			files = (
			);
			runOnlyForDeploymentPostprocessing = 0;
		};
		CBBDF4A71E46476A0093F778 /* Frameworks */ = {
			isa = PBXFrameworksBuildPhase;
			buildActionMask = 2147483647;
			files = (
			);
			runOnlyForDeploymentPostprocessing = 0;
		};
/* End PBXFrameworksBuildPhase section */

/* Begin PBXGroup section */
		CBBDF4821E46476A0093F778 = {
			isa = PBXGroup;
			children = (
				CBBDF48D1E46476A0093F778 /* Virtual Tourist */,
				CBBDF4A21E46476A0093F778 /* Virtual TouristTests */,
				CBBDF4AD1E46476A0093F778 /* Virtual TouristUITests */,
				CBBDF48C1E46476A0093F778 /* Products */,
			);
			sourceTree = "<group>";
		};
		CBBDF48C1E46476A0093F778 /* Products */ = {
			isa = PBXGroup;
			children = (
				CBBDF48B1E46476A0093F778 /* Virtual Tourist.app */,
				CBBDF49F1E46476A0093F778 /* Virtual TouristTests.xctest */,
				CBBDF4AA1E46476A0093F778 /* Virtual TouristUITests.xctest */,
			);
			name = Products;
			sourceTree = "<group>";
		};
		CBBDF48D1E46476A0093F778 /* Virtual Tourist */ = {
			isa = PBXGroup;
			children = (
				CBBDF4BE1E4647920093F778 /* Controller */,
				CBBDF4BD1E46478C0093F778 /* View */,
				CBBDF4BC1E4647870093F778 /* Model */,
				CBBDF48E1E46476A0093F778 /* AppDelegate.swift */,
				CBBDF49A1E46476A0093F778 /* Info.plist */,
			);
			path = "Virtual Tourist";
			sourceTree = "<group>";
		};
		CBBDF4A21E46476A0093F778 /* Virtual TouristTests */ = {
			isa = PBXGroup;
			children = (
				CBBDF4A31E46476A0093F778 /* Virtual_TouristTests.swift */,
				CBBDF4A51E46476A0093F778 /* Info.plist */,
			);
			path = "Virtual TouristTests";
			sourceTree = "<group>";
		};
		CBBDF4AD1E46476A0093F778 /* Virtual TouristUITests */ = {
			isa = PBXGroup;
			children = (
				CBBDF4AE1E46476A0093F778 /* Virtual_TouristUITests.swift */,
				CBBDF4B01E46476A0093F778 /* Info.plist */,
			);
			path = "Virtual TouristUITests";
			sourceTree = "<group>";
		};
		CBBDF4BC1E4647870093F778 /* Model */ = {
			isa = PBXGroup;
			children = (
				CBBDF4C11E4648300093F778 /* CoreDataStack.swift */,
				CBBDF4C31E46489C0093F778 /* virtualTouristModel.xcdatamodeld */,
			);
			name = Model;
			sourceTree = "<group>";
		};
		CBBDF4BD1E46478C0093F778 /* View */ = {
			isa = PBXGroup;
			children = (
				CBBDF4921E46476A0093F778 /* Main.storyboard */,
				CBBDF4951E46476A0093F778 /* Assets.xcassets */,
				CBBDF4971E46476A0093F778 /* LaunchScreen.storyboard */,
			);
			name = View;
			sourceTree = "<group>";
		};
		CBBDF4BE1E4647920093F778 /* Controller */ = {
			isa = PBXGroup;
			children = (
				CBBDF4901E46476A0093F778 /* TravelLocationMapViewController.swift */,
				CBBDF4C61E464B3C0093F778 /* PhotoAlbumViewController.swift */,
			);
			name = Controller;
			sourceTree = "<group>";
		};
/* End PBXGroup section */

/* Begin PBXNativeTarget section */
		CBBDF48A1E46476A0093F778 /* Virtual Tourist */ = {
			isa = PBXNativeTarget;
			buildConfigurationList = CBBDF4B31E46476A0093F778 /* Build configuration list for PBXNativeTarget "Virtual Tourist" */;
			buildPhases = (
				CBBDF4871E46476A0093F778 /* Sources */,
				CBBDF4881E46476A0093F778 /* Frameworks */,
				CBBDF4891E46476A0093F778 /* Resources */,
			);
			buildRules = (
			);
			dependencies = (
			);
			name = "Virtual Tourist";
			productName = "Virtual Tourist";
			productReference = CBBDF48B1E46476A0093F778 /* Virtual Tourist.app */;
			productType = "com.apple.product-type.application";
		};
		CBBDF49E1E46476A0093F778 /* Virtual TouristTests */ = {
			isa = PBXNativeTarget;
			buildConfigurationList = CBBDF4B61E46476A0093F778 /* Build configuration list for PBXNativeTarget "Virtual TouristTests" */;
			buildPhases = (
				CBBDF49B1E46476A0093F778 /* Sources */,
				CBBDF49C1E46476A0093F778 /* Frameworks */,
				CBBDF49D1E46476A0093F778 /* Resources */,
			);
			buildRules = (
			);
			dependencies = (
				CBBDF4A11E46476A0093F778 /* PBXTargetDependency */,
			);
			name = "Virtual TouristTests";
			productName = "Virtual TouristTests";
			productReference = CBBDF49F1E46476A0093F778 /* Virtual TouristTests.xctest */;
			productType = "com.apple.product-type.bundle.unit-test";
		};
		CBBDF4A91E46476A0093F778 /* Virtual TouristUITests */ = {
			isa = PBXNativeTarget;
			buildConfigurationList = CBBDF4B91E46476A0093F778 /* Build configuration list for PBXNativeTarget "Virtual TouristUITests" */;
			buildPhases = (
				CBBDF4A61E46476A0093F778 /* Sources */,
				CBBDF4A71E46476A0093F778 /* Frameworks */,
				CBBDF4A81E46476A0093F778 /* Resources */,
			);
			buildRules = (
			);
			dependencies = (
				CBBDF4AC1E46476A0093F778 /* PBXTargetDependency */,
			);
			name = "Virtual TouristUITests";
			productName = "Virtual TouristUITests";
			productReference = CBBDF4AA1E46476A0093F778 /* Virtual TouristUITests.xctest */;
			productType = "com.apple.product-type.bundle.ui-testing";
		};
/* End PBXNativeTarget section */

/* Begin PBXProject section */
		CBBDF4831E46476A0093F778 /* Project object */ = {
			isa = PBXProject;
			attributes = {
				LastSwiftUpdateCheck = 0820;
				LastUpgradeCheck = 0820;
				ORGANIZATIONNAME = GMV;
				TargetAttributes = {
					CBBDF48A1E46476A0093F778 = {
						CreatedOnToolsVersion = 8.2.1;
						DevelopmentTeam = 8WFER5UG23;
						ProvisioningStyle = Automatic;
					};
					CBBDF49E1E46476A0093F778 = {
						CreatedOnToolsVersion = 8.2.1;
						DevelopmentTeam = 8WFER5UG23;
						ProvisioningStyle = Automatic;
						TestTargetID = CBBDF48A1E46476A0093F778;
					};
					CBBDF4A91E46476A0093F778 = {
						CreatedOnToolsVersion = 8.2.1;
						DevelopmentTeam = 8WFER5UG23;
						ProvisioningStyle = Automatic;
						TestTargetID = CBBDF48A1E46476A0093F778;
					};
				};
			};
			buildConfigurationList = CBBDF4861E46476A0093F778 /* Build configuration list for PBXProject "Virtual Tourist" */;
			compatibilityVersion = "Xcode 3.2";
			developmentRegion = English;
			hasScannedForEncodings = 0;
			knownRegions = (
				en,
				Base,
			);
			mainGroup = CBBDF4821E46476A0093F778;
			productRefGroup = CBBDF48C1E46476A0093F778 /* Products */;
			projectDirPath = "";
			projectRoot = "";
			targets = (
				CBBDF48A1E46476A0093F778 /* Virtual Tourist */,
				CBBDF49E1E46476A0093F778 /* Virtual TouristTests */,
				CBBDF4A91E46476A0093F778 /* Virtual TouristUITests */,
			);
		};
/* End PBXProject section */

/* Begin PBXResourcesBuildPhase section */
		CBBDF4891E46476A0093F778 /* Resources */ = {
			isa = PBXResourcesBuildPhase;
			buildActionMask = 2147483647;
			files = (
				CBBDF4991E46476A0093F778 /* LaunchScreen.storyboard in Resources */,
				CBBDF4961E46476A0093F778 /* Assets.xcassets in Resources */,
				CBBDF4941E46476A0093F778 /* Main.storyboard in Resources */,
			);
			runOnlyForDeploymentPostprocessing = 0;
		};
		CBBDF49D1E46476A0093F778 /* Resources */ = {
			isa = PBXResourcesBuildPhase;
			buildActionMask = 2147483647;
			files = (
			);
			runOnlyForDeploymentPostprocessing = 0;
		};
		CBBDF4A81E46476A0093F778 /* Resources */ = {
			isa = PBXResourcesBuildPhase;
			buildActionMask = 2147483647;
			files = (
			);
			runOnlyForDeploymentPostprocessing = 0;
		};
/* End PBXResourcesBuildPhase section */

/* Begin PBXSourcesBuildPhase section */
		CBBDF4871E46476A0093F778 /* Sources */ = {
			isa = PBXSourcesBuildPhase;
			buildActionMask = 2147483647;
			files = (
				CBBDF4C51E46489C0093F778 /* virtualTouristModel.xcdatamodeld in Sources */,
				CBBDF4C21E4648300093F778 /* CoreDataStack.swift in Sources */,
				CBBDF4911E46476A0093F778 /* TravelLocationMapViewController.swift in Sources */,
				CBBDF4C71E464B3C0093F778 /* PhotoAlbumViewController.swift in Sources */,
				CBBDF48F1E46476A0093F778 /* AppDelegate.swift in Sources */,
			);
			runOnlyForDeploymentPostprocessing = 0;
		};
		CBBDF49B1E46476A0093F778 /* Sources */ = {
			isa = PBXSourcesBuildPhase;
			buildActionMask = 2147483647;
			files = (
				CBBDF4A41E46476A0093F778 /* Virtual_TouristTests.swift in Sources */,
			);
			runOnlyForDeploymentPostprocessing = 0;
		};
		CBBDF4A61E46476A0093F778 /* Sources */ = {
			isa = PBXSourcesBuildPhase;
			buildActionMask = 2147483647;
			files = (
				CBBDF4AF1E46476A0093F778 /* Virtual_TouristUITests.swift in Sources */,
			);
			runOnlyForDeploymentPostprocessing = 0;
		};
/* End PBXSourcesBuildPhase section */

/* Begin PBXTargetDependency section */
		CBBDF4A11E46476A0093F778 /* PBXTargetDependency */ = {
			isa = PBXTargetDependency;
			target = CBBDF48A1E46476A0093F778 /* Virtual Tourist */;
			targetProxy = CBBDF4A01E46476A0093F778 /* PBXContainerItemProxy */;
		};
		CBBDF4AC1E46476A0093F778 /* PBXTargetDependency */ = {
			isa = PBXTargetDependency;
			target = CBBDF48A1E46476A0093F778 /* Virtual Tourist */;
			targetProxy = CBBDF4AB1E46476A0093F778 /* PBXContainerItemProxy */;
		};
/* End PBXTargetDependency section */

/* Begin PBXVariantGroup section */
		CBBDF4921E46476A0093F778 /* Main.storyboard */ = {
			isa = PBXVariantGroup;
			children = (
				CBBDF4931E46476A0093F778 /* Base */,
			);
			name = Main.storyboard;
			sourceTree = "<group>";
		};
		CBBDF4971E46476A0093F778 /* LaunchScreen.storyboard */ = {
			isa = PBXVariantGroup;
			children = (
				CBBDF4981E46476A0093F778 /* Base */,
			);
			name = LaunchScreen.storyboard;
			sourceTree = "<group>";
		};
/* End PBXVariantGroup section */

/* Begin XCBuildConfiguration section */
		CBBDF4B11E46476A0093F778 /* Debug */ = {
			isa = XCBuildConfiguration;
			buildSettings = {
				ALWAYS_SEARCH_USER_PATHS = NO;
				CLANG_ANALYZER_NONNULL = YES;
				CLANG_CXX_LANGUAGE_STANDARD = "gnu++0x";
				CLANG_CXX_LIBRARY = "libc++";
				CLANG_ENABLE_MODULES = YES;
				CLANG_ENABLE_OBJC_ARC = YES;
				CLANG_WARN_BOOL_CONVERSION = YES;
				CLANG_WARN_CONSTANT_CONVERSION = YES;
				CLANG_WARN_DIRECT_OBJC_ISA_USAGE = YES_ERROR;
				CLANG_WARN_DOCUMENTATION_COMMENTS = YES;
				CLANG_WARN_EMPTY_BODY = YES;
				CLANG_WARN_ENUM_CONVERSION = YES;
				CLANG_WARN_INFINITE_RECURSION = YES;
				CLANG_WARN_INT_CONVERSION = YES;
				CLANG_WARN_OBJC_ROOT_CLASS = YES_ERROR;
				CLANG_WARN_SUSPICIOUS_MOVE = YES;
				CLANG_WARN_UNREACHABLE_CODE = YES;
				CLANG_WARN__DUPLICATE_METHOD_MATCH = YES;
				"CODE_SIGN_IDENTITY[sdk=iphoneos*]" = "iPhone Developer";
				COPY_PHASE_STRIP = NO;
				DEBUG_INFORMATION_FORMAT = dwarf;
				ENABLE_STRICT_OBJC_MSGSEND = YES;
				ENABLE_TESTABILITY = YES;
				GCC_C_LANGUAGE_STANDARD = gnu99;
				GCC_DYNAMIC_NO_PIC = NO;
				GCC_NO_COMMON_BLOCKS = YES;
				GCC_OPTIMIZATION_LEVEL = 0;
				GCC_PREPROCESSOR_DEFINITIONS = (
					"DEBUG=1",
					"$(inherited)",
				);
				GCC_WARN_64_TO_32_BIT_CONVERSION = YES;
				GCC_WARN_ABOUT_RETURN_TYPE = YES_ERROR;
				GCC_WARN_UNDECLARED_SELECTOR = YES;
				GCC_WARN_UNINITIALIZED_AUTOS = YES_AGGRESSIVE;
				GCC_WARN_UNUSED_FUNCTION = YES;
				GCC_WARN_UNUSED_VARIABLE = YES;
				IPHONEOS_DEPLOYMENT_TARGET = 10.2;
				MTL_ENABLE_DEBUG_INFO = YES;
				ONLY_ACTIVE_ARCH = YES;
				SDKROOT = iphoneos;
				SWIFT_ACTIVE_COMPILATION_CONDITIONS = DEBUG;
				SWIFT_OPTIMIZATION_LEVEL = "-Onone";
				TARGETED_DEVICE_FAMILY = "1,2";
			};
			name = Debug;
		};
		CBBDF4B21E46476A0093F778 /* Release */ = {
			isa = XCBuildConfiguration;
			buildSettings = {
				ALWAYS_SEARCH_USER_PATHS = NO;
				CLANG_ANALYZER_NONNULL = YES;
				CLANG_CXX_LANGUAGE_STANDARD = "gnu++0x";
				CLANG_CXX_LIBRARY = "libc++";
				CLANG_ENABLE_MODULES = YES;
				CLANG_ENABLE_OBJC_ARC = YES;
				CLANG_WARN_BOOL_CONVERSION = YES;
				CLANG_WARN_CONSTANT_CONVERSION = YES;
				CLANG_WARN_DIRECT_OBJC_ISA_USAGE = YES_ERROR;
				CLANG_WARN_DOCUMENTATION_COMMENTS = YES;
				CLANG_WARN_EMPTY_BODY = YES;
				CLANG_WARN_ENUM_CONVERSION = YES;
				CLANG_WARN_INFINITE_RECURSION = YES;
				CLANG_WARN_INT_CONVERSION = YES;
				CLANG_WARN_OBJC_ROOT_CLASS = YES_ERROR;
				CLANG_WARN_SUSPICIOUS_MOVE = YES;
				CLANG_WARN_UNREACHABLE_CODE = YES;
				CLANG_WARN__DUPLICATE_METHOD_MATCH = YES;
				"CODE_SIGN_IDENTITY[sdk=iphoneos*]" = "iPhone Developer";
				COPY_PHASE_STRIP = NO;
				DEBUG_INFORMATION_FORMAT = "dwarf-with-dsym";
				ENABLE_NS_ASSERTIONS = NO;
				ENABLE_STRICT_OBJC_MSGSEND = YES;
				GCC_C_LANGUAGE_STANDARD = gnu99;
				GCC_NO_COMMON_BLOCKS = YES;
				GCC_WARN_64_TO_32_BIT_CONVERSION = YES;
				GCC_WARN_ABOUT_RETURN_TYPE = YES_ERROR;
				GCC_WARN_UNDECLARED_SELECTOR = YES;
				GCC_WARN_UNINITIALIZED_AUTOS = YES_AGGRESSIVE;
				GCC_WARN_UNUSED_FUNCTION = YES;
				GCC_WARN_UNUSED_VARIABLE = YES;
				IPHONEOS_DEPLOYMENT_TARGET = 10.2;
				MTL_ENABLE_DEBUG_INFO = NO;
				SDKROOT = iphoneos;
				SWIFT_OPTIMIZATION_LEVEL = "-Owholemodule";
				TARGETED_DEVICE_FAMILY = "1,2";
				VALIDATE_PRODUCT = YES;
			};
			name = Release;
		};
		CBBDF4B41E46476A0093F778 /* Debug */ = {
			isa = XCBuildConfiguration;
			buildSettings = {
				ASSETCATALOG_COMPILER_APPICON_NAME = AppIcon;
				DEVELOPMENT_TEAM = 8WFER5UG23;
				INFOPLIST_FILE = "Virtual Tourist/Info.plist";
				LD_RUNPATH_SEARCH_PATHS = "$(inherited) @executable_path/Frameworks";
				PRODUCT_BUNDLE_IDENTIFIER = "com.gmv.Virtual-Tourist";
				PRODUCT_NAME = "$(TARGET_NAME)";
				SWIFT_VERSION = 3.0;
			};
			name = Debug;
		};
		CBBDF4B51E46476A0093F778 /* Release */ = {
			isa = XCBuildConfiguration;
			buildSettings = {
				ASSETCATALOG_COMPILER_APPICON_NAME = AppIcon;
				DEVELOPMENT_TEAM = 8WFER5UG23;
				INFOPLIST_FILE = "Virtual Tourist/Info.plist";
				LD_RUNPATH_SEARCH_PATHS = "$(inherited) @executable_path/Frameworks";
				PRODUCT_BUNDLE_IDENTIFIER = "com.gmv.Virtual-Tourist";
				PRODUCT_NAME = "$(TARGET_NAME)";
				SWIFT_VERSION = 3.0;
			};
			name = Release;
		};
		CBBDF4B71E46476A0093F778 /* Debug */ = {
			isa = XCBuildConfiguration;
			buildSettings = {
				ALWAYS_EMBED_SWIFT_STANDARD_LIBRARIES = YES;
				BUNDLE_LOADER = "$(TEST_HOST)";
				DEVELOPMENT_TEAM = 8WFER5UG23;
				INFOPLIST_FILE = "Virtual TouristTests/Info.plist";
				LD_RUNPATH_SEARCH_PATHS = "$(inherited) @executable_path/Frameworks @loader_path/Frameworks";
				PRODUCT_BUNDLE_IDENTIFIER = "com.gmv.Virtual-TouristTests";
				PRODUCT_NAME = "$(TARGET_NAME)";
				SWIFT_VERSION = 3.0;
				TEST_HOST = "$(BUILT_PRODUCTS_DIR)/Virtual Tourist.app/Virtual Tourist";
			};
			name = Debug;
		};
		CBBDF4B81E46476A0093F778 /* Release */ = {
			isa = XCBuildConfiguration;
			buildSettings = {
				ALWAYS_EMBED_SWIFT_STANDARD_LIBRARIES = YES;
				BUNDLE_LOADER = "$(TEST_HOST)";
				DEVELOPMENT_TEAM = 8WFER5UG23;
				INFOPLIST_FILE = "Virtual TouristTests/Info.plist";
				LD_RUNPATH_SEARCH_PATHS = "$(inherited) @executable_path/Frameworks @loader_path/Frameworks";
				PRODUCT_BUNDLE_IDENTIFIER = "com.gmv.Virtual-TouristTests";
				PRODUCT_NAME = "$(TARGET_NAME)";
				SWIFT_VERSION = 3.0;
				TEST_HOST = "$(BUILT_PRODUCTS_DIR)/Virtual Tourist.app/Virtual Tourist";
			};
			name = Release;
		};
		CBBDF4BA1E46476A0093F778 /* Debug */ = {
			isa = XCBuildConfiguration;
			buildSettings = {
				ALWAYS_EMBED_SWIFT_STANDARD_LIBRARIES = YES;
				DEVELOPMENT_TEAM = 8WFER5UG23;
				INFOPLIST_FILE = "Virtual TouristUITests/Info.plist";
				LD_RUNPATH_SEARCH_PATHS = "$(inherited) @executable_path/Frameworks @loader_path/Frameworks";
				PRODUCT_BUNDLE_IDENTIFIER = "com.gmv.Virtual-TouristUITests";
				PRODUCT_NAME = "$(TARGET_NAME)";
				SWIFT_VERSION = 3.0;
				TEST_TARGET_NAME = "Virtual Tourist";
			};
			name = Debug;
		};
		CBBDF4BB1E46476A0093F778 /* Release */ = {
			isa = XCBuildConfiguration;
			buildSettings = {
				ALWAYS_EMBED_SWIFT_STANDARD_LIBRARIES = YES;
				DEVELOPMENT_TEAM = 8WFER5UG23;
				INFOPLIST_FILE = "Virtual TouristUITests/Info.plist";
				LD_RUNPATH_SEARCH_PATHS = "$(inherited) @executable_path/Frameworks @loader_path/Frameworks";
				PRODUCT_BUNDLE_IDENTIFIER = "com.gmv.Virtual-TouristUITests";
				PRODUCT_NAME = "$(TARGET_NAME)";
				SWIFT_VERSION = 3.0;
				TEST_TARGET_NAME = "Virtual Tourist";
			};
			name = Release;
		};
/* End XCBuildConfiguration section */

/* Begin XCConfigurationList section */
		CBBDF4861E46476A0093F778 /* Build configuration list for PBXProject "Virtual Tourist" */ = {
			isa = XCConfigurationList;
			buildConfigurations = (
				CBBDF4B11E46476A0093F778 /* Debug */,
				CBBDF4B21E46476A0093F778 /* Release */,
			);
			defaultConfigurationIsVisible = 0;
			defaultConfigurationName = Release;
		};
		CBBDF4B31E46476A0093F778 /* Build configuration list for PBXNativeTarget "Virtual Tourist" */ = {
			isa = XCConfigurationList;
			buildConfigurations = (
				CBBDF4B41E46476A0093F778 /* Debug */,
				CBBDF4B51E46476A0093F778 /* Release */,
			);
			defaultConfigurationIsVisible = 0;
		};
		CBBDF4B61E46476A0093F778 /* Build configuration list for PBXNativeTarget "Virtual TouristTests" */ = {
			isa = XCConfigurationList;
			buildConfigurations = (
				CBBDF4B71E46476A0093F778 /* Debug */,
				CBBDF4B81E46476A0093F778 /* Release */,
			);
			defaultConfigurationIsVisible = 0;
		};
		CBBDF4B91E46476A0093F778 /* Build configuration list for PBXNativeTarget "Virtual TouristUITests" */ = {
			isa = XCConfigurationList;
			buildConfigurations = (
				CBBDF4BA1E46476A0093F778 /* Debug */,
				CBBDF4BB1E46476A0093F778 /* Release */,
			);
			defaultConfigurationIsVisible = 0;
		};
/* End XCConfigurationList section */

/* Begin XCVersionGroup section */
		CBBDF4C31E46489C0093F778 /* virtualTouristModel.xcdatamodeld */ = {
			isa = XCVersionGroup;
			children = (
				CBBDF4C41E46489C0093F778 /* virtualTouristModel.xcdatamodel */,
			);
			currentVersion = CBBDF4C41E46489C0093F778 /* virtualTouristModel.xcdatamodel */;
			path = virtualTouristModel.xcdatamodeld;
			sourceTree = "<group>";
			versionGroupType = wrapper.xcdatamodel;
		};
/* End XCVersionGroup section */
	};
	rootObject = CBBDF4831E46476A0093F778 /* Project object */;
}
